// !$*UTF8*$!
{
	archiveVersion = 1;
	classes = {
	};
	objectVersion = 50;
	objects = {

/* Begin PBXBuildFile section */
		DF1DE949265C1A4200861686 /* Calculadora_InvestimentosApp.swift in Sources */ = {isa = PBXBuildFile; fileRef = DF1DE948265C1A4200861686 /* Calculadora_InvestimentosApp.swift */; };
		DF1DE94B265C1A4200861686 /* ContentView.swift in Sources */ = {isa = PBXBuildFile; fileRef = DF1DE94A265C1A4200861686 /* ContentView.swift */; };
		DF1DE94D265C1A4400861686 /* Assets.xcassets in Resources */ = {isa = PBXBuildFile; fileRef = DF1DE94C265C1A4400861686 /* Assets.xcassets */; };
		DF1DE950265C1A4400861686 /* Preview Assets.xcassets in Resources */ = {isa = PBXBuildFile; fileRef = DF1DE94F265C1A4400861686 /* Preview Assets.xcassets */; };
		DFF67115265C285C00E09216 /* Poppins-Bold.ttf in Resources */ = {isa = PBXBuildFile; fileRef = DFF67114265C285C00E09216 /* Poppins-Bold.ttf */; };
		DFF67119265C2DFF00E09216 /* Poppins-Regular.ttf in Resources */ = {isa = PBXBuildFile; fileRef = DFF67117265C2DFF00E09216 /* Poppins-Regular.ttf */; };
		DFF6711A265C2DFF00E09216 /* Poppins-Medium.ttf in Resources */ = {isa = PBXBuildFile; fileRef = DFF67118265C2DFF00E09216 /* Poppins-Medium.ttf */; };
		DFF6711D265C2E1800E09216 /* Poppins-ExtraBold.ttf in Resources */ = {isa = PBXBuildFile; fileRef = DFF6711C265C2E1800E09216 /* Poppins-ExtraBold.ttf */; };
/* End PBXBuildFile section */

/* Begin PBXFileReference section */
		DF1DE945265C1A4200861686 /* Calculadora_Investimentos.app */ = {isa = PBXFileReference; explicitFileType = wrapper.application; includeInIndex = 0; path = Calculadora_Investimentos.app; sourceTree = BUILT_PRODUCTS_DIR; };
		DF1DE948265C1A4200861686 /* Calculadora_InvestimentosApp.swift */ = {isa = PBXFileReference; lastKnownFileType = sourcecode.swift; path = Calculadora_InvestimentosApp.swift; sourceTree = "<group>"; };
		DF1DE94A265C1A4200861686 /* ContentView.swift */ = {isa = PBXFileReference; lastKnownFileType = sourcecode.swift; path = ContentView.swift; sourceTree = "<group>"; };
		DF1DE94C265C1A4400861686 /* Assets.xcassets */ = {isa = PBXFileReference; lastKnownFileType = folder.assetcatalog; path = Assets.xcassets; sourceTree = "<group>"; };
		DF1DE94F265C1A4400861686 /* Preview Assets.xcassets */ = {isa = PBXFileReference; lastKnownFileType = folder.assetcatalog; path = "Preview Assets.xcassets"; sourceTree = "<group>"; };
		DF1DE951265C1A4400861686 /* Info.plist */ = {isa = PBXFileReference; lastKnownFileType = text.plist.xml; path = Info.plist; sourceTree = "<group>"; };
		DFF67114265C285C00E09216 /* Poppins-Bold.ttf */ = {isa = PBXFileReference; lastKnownFileType = file; name = "Poppins-Bold.ttf"; path = "../../../../../../Downloads/Poppins/Poppins-Bold.ttf"; sourceTree = "<group>"; };
		DFF67117265C2DFF00E09216 /* Poppins-Regular.ttf */ = {isa = PBXFileReference; lastKnownFileType = file; path = "Poppins-Regular.ttf"; sourceTree = "<group>"; };
		DFF67118265C2DFF00E09216 /* Poppins-Medium.ttf */ = {isa = PBXFileReference; lastKnownFileType = file; path = "Poppins-Medium.ttf"; sourceTree = "<group>"; };
		DFF6711C265C2E1800E09216 /* Poppins-ExtraBold.ttf */ = {isa = PBXFileReference; lastKnownFileType = file; path = "Poppins-ExtraBold.ttf"; sourceTree = "<group>"; };
/* End PBXFileReference section */

/* Begin PBXFrameworksBuildPhase section */
		DF1DE942265C1A4200861686 /* Frameworks */ = {
			isa = PBXFrameworksBuildPhase;
			buildActionMask = 2147483647;
			files = (
			);
			runOnlyForDeploymentPostprocessing = 0;
		};
/* End PBXFrameworksBuildPhase section */

/* Begin PBXGroup section */
		DF1DE93C265C1A4200861686 = {
			isa = PBXGroup;
			children = (
				DF1DE947265C1A4200861686 /* Calculadora_Investimentos */,
				DF1DE946265C1A4200861686 /* Products */,
			);
			sourceTree = "<group>";
		};
		DF1DE946265C1A4200861686 /* Products */ = {
			isa = PBXGroup;
			children = (
				DF1DE945265C1A4200861686 /* Calculadora_Investimentos.app */,
			);
			name = Products;
			sourceTree = "<group>";
		};
		DF1DE947265C1A4200861686 /* Calculadora_Investimentos */ = {
			isa = PBXGroup;
			children = (
				DFF67110265C260300E09216 /* Fonts */,
				DF1DE948265C1A4200861686 /* Calculadora_InvestimentosApp.swift */,
				DF1DE94A265C1A4200861686 /* ContentView.swift */,
				DF1DE94C265C1A4400861686 /* Assets.xcassets */,
				DF1DE951265C1A4400861686 /* Info.plist */,
				DF1DE94E265C1A4400861686 /* Preview Content */,
			);
			path = Calculadora_Investimentos;
			sourceTree = "<group>";
		};
		DF1DE94E265C1A4400861686 /* Preview Content */ = {
			isa = PBXGroup;
			children = (
				DF1DE94F265C1A4400861686 /* Preview Assets.xcassets */,
			);
			path = "Preview Content";
			sourceTree = "<group>";
		};
		DFF67110265C260300E09216 /* Fonts */ = {
			isa = PBXGroup;
			children = (
				DFF67114265C285C00E09216 /* Poppins-Bold.ttf */,
				DFF67118265C2DFF00E09216 /* Poppins-Medium.ttf */,
				DFF67117265C2DFF00E09216 /* Poppins-Regular.ttf */,
				DFF6711C265C2E1800E09216 /* Poppins-ExtraBold.ttf */,
			);
			path = Fonts;
			sourceTree = "<group>";
		};
/* End PBXGroup section */

/* Begin PBXNativeTarget section */
		DF1DE944265C1A4200861686 /* Calculadora_Investimentos */ = {
			isa = PBXNativeTarget;
			buildConfigurationList = DF1DE954265C1A4400861686 /* Build configuration list for PBXNativeTarget "Calculadora_Investimentos" */;
			buildPhases = (
				DF1DE941265C1A4200861686 /* Sources */,
				DF1DE942265C1A4200861686 /* Frameworks */,
				DF1DE943265C1A4200861686 /* Resources */,
			);
			buildRules = (
			);
			dependencies = (
			);
			name = Calculadora_Investimentos;
			productName = Calculadora_Investimentos;
			productReference = DF1DE945265C1A4200861686 /* Calculadora_Investimentos.app */;
			productType = "com.apple.product-type.application";
		};
/* End PBXNativeTarget section */

/* Begin PBXProject section */
		DF1DE93D265C1A4200861686 /* Project object */ = {
			isa = PBXProject;
			attributes = {
				LastSwiftUpdateCheck = 1240;
				LastUpgradeCheck = 1240;
				TargetAttributes = {
					DF1DE944265C1A4200861686 = {
						CreatedOnToolsVersion = 12.4;
					};
				};
			};
			buildConfigurationList = DF1DE940265C1A4200861686 /* Build configuration list for PBXProject "Calculadora_Investimentos" */;
			compatibilityVersion = "Xcode 9.3";
			developmentRegion = en;
			hasScannedForEncodings = 0;
			knownRegions = (
				en,
				Base,
			);
			mainGroup = DF1DE93C265C1A4200861686;
			productRefGroup = DF1DE946265C1A4200861686 /* Products */;
			projectDirPath = "";
			projectRoot = "";
			targets = (
				DF1DE944265C1A4200861686 /* Calculadora_Investimentos */,
			);
		};
/* End PBXProject section */

/* Begin PBXResourcesBuildPhase section */
		DF1DE943265C1A4200861686 /* Resources */ = {
			isa = PBXResourcesBuildPhase;
			buildActionMask = 2147483647;
			files = (
				DF1DE950265C1A4400861686 /* Preview Assets.xcassets in Resources */,
				DFF67115265C285C00E09216 /* Poppins-Bold.ttf in Resources */,
				DF1DE94D265C1A4400861686 /* Assets.xcassets in Resources */,
				DFF67119265C2DFF00E09216 /* Poppins-Regular.ttf in Resources */,
				DFF6711D265C2E1800E09216 /* Poppins-ExtraBold.ttf in Resources */,
				DFF6711A265C2DFF00E09216 /* Poppins-Medium.ttf in Resources */,
			);
			runOnlyForDeploymentPostprocessing = 0;
		};
/* End PBXResourcesBuildPhase section */

/* Begin PBXSourcesBuildPhase section */
		DF1DE941265C1A4200861686 /* Sources */ = {
			isa = PBXSourcesBuildPhase;
			buildActionMask = 2147483647;
			files = (
				DF1DE94B265C1A4200861686 /* ContentView.swift in Sources */,
				DF1DE949265C1A4200861686 /* Calculadora_InvestimentosApp.swift in Sources */,
			);
			runOnlyForDeploymentPostprocessing = 0;
		};
/* End PBXSourcesBuildPhase section */

/* Begin XCBuildConfiguration section */
		DF1DE952265C1A4400861686 /* Debug */ = {
			isa = XCBuildConfiguration;
			buildSettings = {
				ALWAYS_SEARCH_USER_PATHS = NO;
				CLANG_ANALYZER_NONNULL = YES;
				CLANG_ANALYZER_NUMBER_OBJECT_CONVERSION = YES_AGGRESSIVE;
				CLANG_CXX_LANGUAGE_STANDARD = "gnu++14";
				CLANG_CXX_LIBRARY = "libc++";
				CLANG_ENABLE_MODULES = YES;
				CLANG_ENABLE_OBJC_ARC = YES;
				CLANG_ENABLE_OBJC_WEAK = YES;
				CLANG_WARN_BLOCK_CAPTURE_AUTORELEASING = YES;
				CLANG_WARN_BOOL_CONVERSION = YES;
				CLANG_WARN_COMMA = YES;
				CLANG_WARN_CONSTANT_CONVERSION = YES;
				CLANG_WARN_DEPRECATED_OBJC_IMPLEMENTATIONS = YES;
				CLANG_WARN_DIRECT_OBJC_ISA_USAGE = YES_ERROR;
				CLANG_WARN_DOCUMENTATION_COMMENTS = YES;
				CLANG_WARN_EMPTY_BODY = YES;
				CLANG_WARN_ENUM_CONVERSION = YES;
				CLANG_WARN_INFINITE_RECURSION = YES;
				CLANG_WARN_INT_CONVERSION = YES;
				CLANG_WARN_NON_LITERAL_NULL_CONVERSION = YES;
				CLANG_WARN_OBJC_IMPLICIT_RETAIN_SELF = YES;
				CLANG_WARN_OBJC_LITERAL_CONVERSION = YES;
				CLANG_WARN_OBJC_ROOT_CLASS = YES_ERROR;
				CLANG_WARN_QUOTED_INCLUDE_IN_FRAMEWORK_HEADER = YES;
				CLANG_WARN_RANGE_LOOP_ANALYSIS = YES;
				CLANG_WARN_STRICT_PROTOTYPES = YES;
				CLANG_WARN_SUSPICIOUS_MOVE = YES;
				CLANG_WARN_UNGUARDED_AVAILABILITY = YES_AGGRESSIVE;
				CLANG_WARN_UNREACHABLE_CODE = YES;
				CLANG_WARN__DUPLICATE_METHOD_MATCH = YES;
				COPY_PHASE_STRIP = NO;
				DEBUG_INFORMATION_FORMAT = dwarf;
				ENABLE_STRICT_OBJC_MSGSEND = YES;
				ENABLE_TESTABILITY = YES;
				GCC_C_LANGUAGE_STANDARD = gnu11;
				GCC_DYNAMIC_NO_PIC = NO;
				GCC_NO_COMMON_BLOCKS = YES;
				GCC_OPTIMIZATION_LEVEL = 0;
				GCC_PREPROCESSOR_DEFINITIONS = (
					"DEBUG=1",
					"$(inherited)",
				);
				GCC_WARN_64_TO_32_BIT_CONVERSION = YES;
				GCC_WARN_ABOUT_RETURN_TYPE = YES_ERROR;
				GCC_WARN_UNDECLARED_SELECTOR = YES;
				GCC_WARN_UNINITIALIZED_AUTOS = YES_AGGRESSIVE;
				GCC_WARN_UNUSED_FUNCTION = YES;
				GCC_WARN_UNUSED_VARIABLE = YES;
				IPHONEOS_DEPLOYMENT_TARGET = 14.4;
				MTL_ENABLE_DEBUG_INFO = INCLUDE_SOURCE;
				MTL_FAST_MATH = YES;
				ONLY_ACTIVE_ARCH = YES;
				SDKROOT = iphoneos;
				SWIFT_ACTIVE_COMPILATION_CONDITIONS = DEBUG;
				SWIFT_OPTIMIZATION_LEVEL = "-Onone";
			};
			name = Debug;
		};
		DF1DE953265C1A4400861686 /* Release */ = {
			isa = XCBuildConfiguration;
			buildSettings = {
				ALWAYS_SEARCH_USER_PATHS = NO;
				CLANG_ANALYZER_NONNULL = YES;
				CLANG_ANALYZER_NUMBER_OBJECT_CONVERSION = YES_AGGRESSIVE;
				CLANG_CXX_LANGUAGE_STANDARD = "gnu++14";
				CLANG_CXX_LIBRARY = "libc++";
				CLANG_ENABLE_MODULES = YES;
				CLANG_ENABLE_OBJC_ARC = YES;
				CLANG_ENABLE_OBJC_WEAK = YES;
				CLANG_WARN_BLOCK_CAPTURE_AUTORELEASING = YES;
				CLANG_WARN_BOOL_CONVERSION = YES;
				CLANG_WARN_COMMA = YES;
				CLANG_WARN_CONSTANT_CONVERSION = YES;
				CLANG_WARN_DEPRECATED_OBJC_IMPLEMENTATIONS = YES;
				CLANG_WARN_DIRECT_OBJC_ISA_USAGE = YES_ERROR;
				CLANG_WARN_DOCUMENTATION_COMMENTS = YES;
				CLANG_WARN_EMPTY_BODY = YES;
				CLANG_WARN_ENUM_CONVERSION = YES;
				CLANG_WARN_INFINITE_RECURSION = YES;
				CLANG_WARN_INT_CONVERSION = YES;
				CLANG_WARN_NON_LITERAL_NULL_CONVERSION = YES;
				CLANG_WARN_OBJC_IMPLICIT_RETAIN_SELF = YES;
				CLANG_WARN_OBJC_LITERAL_CONVERSION = YES;
				CLANG_WARN_OBJC_ROOT_CLASS = YES_ERROR;
				CLANG_WARN_QUOTED_INCLUDE_IN_FRAMEWORK_HEADER = YES;
				CLANG_WARN_RANGE_LOOP_ANALYSIS = YES;
				CLANG_WARN_STRICT_PROTOTYPES = YES;
				CLANG_WARN_SUSPICIOUS_MOVE = YES;
				CLANG_WARN_UNGUARDED_AVAILABILITY = YES_AGGRESSIVE;
				CLANG_WARN_UNREACHABLE_CODE = YES;
				CLANG_WARN__DUPLICATE_METHOD_MATCH = YES;
				COPY_PHASE_STRIP = NO;
				DEBUG_INFORMATION_FORMAT = "dwarf-with-dsym";
				ENABLE_NS_ASSERTIONS = NO;
				ENABLE_STRICT_OBJC_MSGSEND = YES;
				GCC_C_LANGUAGE_STANDARD = gnu11;
				GCC_NO_COMMON_BLOCKS = YES;
				GCC_WARN_64_TO_32_BIT_CONVERSION = YES;
				GCC_WARN_ABOUT_RETURN_TYPE = YES_ERROR;
				GCC_WARN_UNDECLARED_SELECTOR = YES;
				GCC_WARN_UNINITIALIZED_AUTOS = YES_AGGRESSIVE;
				GCC_WARN_UNUSED_FUNCTION = YES;
				GCC_WARN_UNUSED_VARIABLE = YES;
				IPHONEOS_DEPLOYMENT_TARGET = 14.4;
				MTL_ENABLE_DEBUG_INFO = NO;
				MTL_FAST_MATH = YES;
				SDKROOT = iphoneos;
				SWIFT_COMPILATION_MODE = wholemodule;
				SWIFT_OPTIMIZATION_LEVEL = "-O";
				VALIDATE_PRODUCT = YES;
			};
			name = Release;
		};
		DF1DE955265C1A4400861686 /* Debug */ = {
			isa = XCBuildConfiguration;
			buildSettings = {
				ASSETCATALOG_COMPILER_APPICON_NAME = AppIcon;
				ASSETCATALOG_COMPILER_GLOBAL_ACCENT_COLOR_NAME = AccentColor;
				CODE_SIGN_STYLE = Automatic;
				DEVELOPMENT_ASSET_PATHS = "\"Calculadora_Investimentos/Preview Content\"";
				DEVELOPMENT_TEAM = 6525BU9D84;
				ENABLE_PREVIEWS = YES;
				INFOPLIST_FILE = Calculadora_Investimentos/Info.plist;
				IPHONEOS_DEPLOYMENT_TARGET = 14.0;
				LD_RUNPATH_SEARCH_PATHS = (
					"$(inherited)",
					"@executable_path/Frameworks",
				);
				PRODUCT_BUNDLE_IDENTIFIER = "com.Marcelo.Calculadora-Investimentos";
				PRODUCT_NAME = "$(TARGET_NAME)";
				SWIFT_VERSION = 5.0;
				TARGETED_DEVICE_FAMILY = "1,2";
			};
			name = Debug;
		};
		DF1DE956265C1A4400861686 /* Release */ = {
			isa = XCBuildConfiguration;
			buildSettings = {
				ASSETCATALOG_COMPILER_APPICON_NAME = AppIcon;
				ASSETCATALOG_COMPILER_GLOBAL_ACCENT_COLOR_NAME = AccentColor;
				CODE_SIGN_STYLE = Automatic;
				DEVELOPMENT_ASSET_PATHS = "\"Calculadora_Investimentos/Preview Content\"";
				DEVELOPMENT_TEAM = 6525BU9D84;
				ENABLE_PREVIEWS = YES;
				INFOPLIST_FILE = Calculadora_Investimentos/Info.plist;
				IPHONEOS_DEPLOYMENT_TARGET = 14.0;
				LD_RUNPATH_SEARCH_PATHS = (
					"$(inherited)",
					"@executable_path/Frameworks",
				);
				PRODUCT_BUNDLE_IDENTIFIER = "com.Marcelo.Calculadora-Investimentos";
				PRODUCT_NAME = "$(TARGET_NAME)";
				SWIFT_VERSION = 5.0;
				TARGETED_DEVICE_FAMILY = "1,2";
			};
			name = Release;
		};
/* End XCBuildConfiguration section */

/* Begin XCConfigurationList section */
		DF1DE940265C1A4200861686 /* Build configuration list for PBXProject "Calculadora_Investimentos" */ = {
			isa = XCConfigurationList;
			buildConfigurations = (
				DF1DE952265C1A4400861686 /* Debug */,
				DF1DE953265C1A4400861686 /* Release */,
			);
			defaultConfigurationIsVisible = 0;
			defaultConfigurationName = Release;
		};
		DF1DE954265C1A4400861686 /* Build configuration list for PBXNativeTarget "Calculadora_Investimentos" */ = {
			isa = XCConfigurationList;
			buildConfigurations = (
				DF1DE955265C1A4400861686 /* Debug */,
				DF1DE956265C1A4400861686 /* Release */,
			);
			defaultConfigurationIsVisible = 0;
			defaultConfigurationName = Release;
		};
/* End XCConfigurationList section */
	};
	rootObject = DF1DE93D265C1A4200861686 /* Project object */;
}
